
Microsoft Visual Studio Solution File, Format Version 12.00
# Visual Studio 15
VisualStudioVersion = 15.0.28307.421
MinimumVisualStudioVersion = 10.0.40219.1
Project("{FAE04EC0-301F-11D3-BF4B-00C04F79EFBC}") = "DateNightCalculator", "DateNightCalculator\DateNightCalculator.csproj", "{CBB72E25-4758-4D1F-8ED5-0EA4F026B789}"
EndProject
Global
	GlobalSection(SolutionConfigurationPlatforms) = preSolution
		Debug|Any CPU = Debug|Any CPU
		Release|Any CPU = Release|Any CPU
	EndGlobalSection
	GlobalSection(ProjectConfigurationPlatforms) = postSolution
		{CBB72E25-4758-4D1F-8ED5-0EA4F026B789}.Debug|Any CPU.ActiveCfg = Debug|Any CPU
		{CBB72E25-4758-4D1F-8ED5-0EA4F026B789}.Debug|Any CPU.Build.0 = Debug|Any CPU
		{CBB72E25-4758-4D1F-8ED5-0EA4F026B789}.Release|Any CPU.ActiveCfg = Release|Any CPU
		{CBB72E25-4758-4D1F-8ED5-0EA4F026B789}.Release|Any CPU.Build.0 = Release|Any CPU
	EndGlobalSection
	GlobalSection(SolutionProperties) = preSolution
		HideSolutionNode = FALSE
	EndGlobalSection
	GlobalSection(ExtensibilityGlobals) = postSolution
		SolutionGuid = {29061886-BBB2-4C82-878A-E9AFD108C8D8}
	EndGlobalSection
EndGlobal
