
Microsoft Visual Studio Solution File, Format Version 12.00
# Visual Studio 15
VisualStudioVersion = 15.0.28307.329
MinimumVisualStudioVersion = 10.0.40219.1
Project("{FAE04EC0-301F-11D3-BF4B-00C04F79EFBC}") = "frmDescriptiveTips", "frmDescriptiveTips\frmDescriptiveTips.csproj", "{07AC420A-4857-4526-A12D-569ED7092DFB}"
EndProject
Global
	GlobalSection(SolutionConfigurationPlatforms) = preSolution
		Debug|Any CPU = Debug|Any CPU
		Release|Any CPU = Release|Any CPU
	EndGlobalSection
	GlobalSection(ProjectConfigurationPlatforms) = postSolution
		{07AC420A-4857-4526-A12D-569ED7092DFB}.Debug|Any CPU.ActiveCfg = Debug|Any CPU
		{07AC420A-4857-4526-A12D-569ED7092DFB}.Debug|Any CPU.Build.0 = Debug|Any CPU
		{07AC420A-4857-4526-A12D-569ED7092DFB}.Release|Any CPU.ActiveCfg = Release|Any CPU
		{07AC420A-4857-4526-A12D-569ED7092DFB}.Release|Any CPU.Build.0 = Release|Any CPU
	EndGlobalSection
	GlobalSection(SolutionProperties) = preSolution
		HideSolutionNode = FALSE
	EndGlobalSection
	GlobalSection(ExtensibilityGlobals) = postSolution
		SolutionGuid = {A47A19FE-F9B5-4745-B2FA-97F8CAC57B20}
	EndGlobalSection
EndGlobal
